// !$*UTF8*$!
{
	archiveVersion = 1;
	classes = {
	};
	objectVersion = 56;
	objects = {

/* Begin PBXBuildFile section */
		EA063B5429ED9E880077420C /* DetermineWinner.swift in Sources */ = {isa = PBXBuildFile; fileRef = EA063B5329ED9E880077420C /* DetermineWinner.swift */; };
		2368833F29EEFC95002BBFCB /* Battle Scene .swift in Sources */ = {isa = PBXBuildFile; fileRef = 2368833E29EEFC95002BBFCB /* Battle Scene .swift */; };
		EA098E6829E84EB50041614A /* AppDelegate.swift in Sources */ = {isa = PBXBuildFile; fileRef = EA098E6729E84EB50041614A /* AppDelegate.swift */; };
		EA098E6A29E84EB50041614A /* SceneDelegate.swift in Sources */ = {isa = PBXBuildFile; fileRef = EA098E6929E84EB50041614A /* SceneDelegate.swift */; };
		EA098E6C29E84EB50041614A /* ViewController.swift in Sources */ = {isa = PBXBuildFile; fileRef = EA098E6B29E84EB50041614A /* ViewController.swift */; };
		EA098E6F29E84EB50041614A /* Main.storyboard in Resources */ = {isa = PBXBuildFile; fileRef = EA098E6D29E84EB50041614A /* Main.storyboard */; };
		EA098E7129E84EB70041614A /* Assets.xcassets in Resources */ = {isa = PBXBuildFile; fileRef = EA098E7029E84EB70041614A /* Assets.xcassets */; };
		EA098E7429E84EB70041614A /* LaunchScreen.storyboard in Resources */ = {isa = PBXBuildFile; fileRef = EA098E7229E84EB70041614A /* LaunchScreen.storyboard */; };
		EA098E7C29E85AA60041614A /* CharacterStructs.swift in Sources */ = {isa = PBXBuildFile; fileRef = EA098E7B29E85AA50041614A /* CharacterStructs.swift */; };
		EA098E7E29E88F780041614A /* StatusEffectStructs.swift in Sources */ = {isa = PBXBuildFile; fileRef = EA098E7D29E88F780041614A /* StatusEffectStructs.swift */; };
/* End PBXBuildFile section */

/* Begin PBXFileReference section */
		EA063B5329ED9E880077420C /* DetermineWinner.swift */ = {isa = PBXFileReference; lastKnownFileType = sourcecode.swift; path = DetermineWinner.swift; sourceTree = "<group>"; };
		2368833E29EEFC95002BBFCB /* Battle Scene .swift */ = {isa = PBXFileReference; lastKnownFileType = sourcecode.swift; path = "Battle Scene .swift"; sourceTree = "<group>"; };
		EA098E6429E84EB50041614A /* GroupCapstone.app */ = {isa = PBXFileReference; explicitFileType = wrapper.application; includeInIndex = 0; path = GroupCapstone.app; sourceTree = BUILT_PRODUCTS_DIR; };
		EA098E6729E84EB50041614A /* AppDelegate.swift */ = {isa = PBXFileReference; lastKnownFileType = sourcecode.swift; path = AppDelegate.swift; sourceTree = "<group>"; };
		EA098E6929E84EB50041614A /* SceneDelegate.swift */ = {isa = PBXFileReference; lastKnownFileType = sourcecode.swift; path = SceneDelegate.swift; sourceTree = "<group>"; };
		EA098E6B29E84EB50041614A /* ViewController.swift */ = {isa = PBXFileReference; lastKnownFileType = sourcecode.swift; path = ViewController.swift; sourceTree = "<group>"; };
		EA098E6E29E84EB50041614A /* Base */ = {isa = PBXFileReference; lastKnownFileType = file.storyboard; name = Base; path = Base.lproj/Main.storyboard; sourceTree = "<group>"; };
		EA098E7029E84EB70041614A /* Assets.xcassets */ = {isa = PBXFileReference; lastKnownFileType = folder.assetcatalog; path = Assets.xcassets; sourceTree = "<group>"; };
		EA098E7329E84EB70041614A /* Base */ = {isa = PBXFileReference; lastKnownFileType = file.storyboard; name = Base; path = Base.lproj/LaunchScreen.storyboard; sourceTree = "<group>"; };
		EA098E7529E84EB70041614A /* Info.plist */ = {isa = PBXFileReference; lastKnownFileType = text.plist.xml; path = Info.plist; sourceTree = "<group>"; };
		EA098E7B29E85AA50041614A /* CharacterStructs.swift */ = {isa = PBXFileReference; lastKnownFileType = sourcecode.swift; path = CharacterStructs.swift; sourceTree = "<group>"; };
		EA098E7D29E88F780041614A /* StatusEffectStructs.swift */ = {isa = PBXFileReference; lastKnownFileType = sourcecode.swift; path = StatusEffectStructs.swift; sourceTree = "<group>"; };
/* End PBXFileReference section */

/* Begin PBXFrameworksBuildPhase section */
		EA098E6129E84EB50041614A /* Frameworks */ = {
			isa = PBXFrameworksBuildPhase;
			buildActionMask = 2147483647;
			files = (
			);
			runOnlyForDeploymentPostprocessing = 0;
		};
/* End PBXFrameworksBuildPhase section */

/* Begin PBXGroup section */
		EA098E5B29E84EB50041614A = {
			isa = PBXGroup;
			children = (
				EA098E6629E84EB50041614A /* GroupCapstone */,
				EA098E6529E84EB50041614A /* Products */,
			);
			sourceTree = "<group>";
		};
		EA098E6529E84EB50041614A /* Products */ = {
			isa = PBXGroup;
			children = (
				EA098E6429E84EB50041614A /* GroupCapstone.app */,
			);
			name = Products;
			sourceTree = "<group>";
		};
		EA098E6629E84EB50041614A /* GroupCapstone */ = {
			isa = PBXGroup;
			children = (
				EA098E6729E84EB50041614A /* AppDelegate.swift */,
				EA098E6929E84EB50041614A /* SceneDelegate.swift */,
				EA098E6B29E84EB50041614A /* ViewController.swift */,
				EA098E6D29E84EB50041614A /* Main.storyboard */,
				EA098E7B29E85AA50041614A /* CharacterStructs.swift */,
				EA063B5329ED9E880077420C /* DetermineWinner.swift */,
				EA098E7D29E88F780041614A /* StatusEffectStructs.swift */,
				2368833E29EEFC95002BBFCB /* Battle Scene .swift */,
				EA098E7029E84EB70041614A /* Assets.xcassets */,
				EA098E7229E84EB70041614A /* LaunchScreen.storyboard */,
				EA098E7529E84EB70041614A /* Info.plist */,
			);
			path = GroupCapstone;
			sourceTree = "<group>";
		};
/* End PBXGroup section */

/* Begin PBXNativeTarget section */
		EA098E6329E84EB50041614A /* GroupCapstone */ = {
			isa = PBXNativeTarget;
			buildConfigurationList = EA098E7829E84EB70041614A /* Build configuration list for PBXNativeTarget "GroupCapstone" */;
			buildPhases = (
				EA098E6029E84EB50041614A /* Sources */,
				EA098E6129E84EB50041614A /* Frameworks */,
				EA098E6229E84EB50041614A /* Resources */,
			);
			buildRules = (
			);
			dependencies = (
			);
			name = GroupCapstone;
			productName = GroupCapstone;
			productReference = EA098E6429E84EB50041614A /* GroupCapstone.app */;
			productType = "com.apple.product-type.application";
		};
/* End PBXNativeTarget section */

/* Begin PBXProject section */
		EA098E5C29E84EB50041614A /* Project object */ = {
			isa = PBXProject;
			attributes = {
				BuildIndependentTargetsInParallel = 1;
				LastSwiftUpdateCheck = 1410;
				LastUpgradeCheck = 1410;
				TargetAttributes = {
					EA098E6329E84EB50041614A = {
						CreatedOnToolsVersion = 14.1;
					};
				};
			};
			buildConfigurationList = EA098E5F29E84EB50041614A /* Build configuration list for PBXProject "GroupCapstone" */;
			compatibilityVersion = "Xcode 14.0";
			developmentRegion = en;
			hasScannedForEncodings = 0;
			knownRegions = (
				en,
				Base,
			);
			mainGroup = EA098E5B29E84EB50041614A;
			productRefGroup = EA098E6529E84EB50041614A /* Products */;
			projectDirPath = "";
			projectRoot = "";
			targets = (
				EA098E6329E84EB50041614A /* GroupCapstone */,
			);
		};
/* End PBXProject section */

/* Begin PBXResourcesBuildPhase section */
		EA098E6229E84EB50041614A /* Resources */ = {
			isa = PBXResourcesBuildPhase;
			buildActionMask = 2147483647;
			files = (
				EA098E7429E84EB70041614A /* LaunchScreen.storyboard in Resources */,
				EA098E7129E84EB70041614A /* Assets.xcassets in Resources */,
				EA098E6F29E84EB50041614A /* Main.storyboard in Resources */,
			);
			runOnlyForDeploymentPostprocessing = 0;
		};
/* End PBXResourcesBuildPhase section */

/* Begin PBXSourcesBuildPhase section */
		EA098E6029E84EB50041614A /* Sources */ = {
			isa = PBXSourcesBuildPhase;
			buildActionMask = 2147483647;
			files = (
				EA063B5429ED9E880077420C /* DetermineWinner.swift in Sources */,
				EA098E7E29E88F780041614A /* StatusEffectStructs.swift in Sources */,
				2368833F29EEFC95002BBFCB /* Battle Scene .swift in Sources */,
				EA098E6C29E84EB50041614A /* ViewController.swift in Sources */,
				EA098E6829E84EB50041614A /* AppDelegate.swift in Sources */,
				EA098E7C29E85AA60041614A /* CharacterStructs.swift in Sources */,
				EA098E6A29E84EB50041614A /* SceneDelegate.swift in Sources */,
			);
			runOnlyForDeploymentPostprocessing = 0;
		};
/* End PBXSourcesBuildPhase section */

/* Begin PBXVariantGroup section */
		EA098E6D29E84EB50041614A /* Main.storyboard */ = {
			isa = PBXVariantGroup;
			children = (
				EA098E6E29E84EB50041614A /* Base */,
			);
			name = Main.storyboard;
			sourceTree = "<group>";
		};
		EA098E7229E84EB70041614A /* LaunchScreen.storyboard */ = {
			isa = PBXVariantGroup;
			children = (
				EA098E7329E84EB70041614A /* Base */,
			);
			name = LaunchScreen.storyboard;
			sourceTree = "<group>";
		};
/* End PBXVariantGroup section */

/* Begin XCBuildConfiguration section */
		EA098E7629E84EB70041614A /* Debug */ = {
			isa = XCBuildConfiguration;
			buildSettings = {
				ALWAYS_SEARCH_USER_PATHS = NO;
				CLANG_ANALYZER_NONNULL = YES;
				CLANG_ANALYZER_NUMBER_OBJECT_CONVERSION = YES_AGGRESSIVE;
				CLANG_CXX_LANGUAGE_STANDARD = "gnu++20";
				CLANG_ENABLE_MODULES = YES;
				CLANG_ENABLE_OBJC_ARC = YES;
				CLANG_ENABLE_OBJC_WEAK = YES;
				CLANG_WARN_BLOCK_CAPTURE_AUTORELEASING = YES;
				CLANG_WARN_BOOL_CONVERSION = YES;
				CLANG_WARN_COMMA = YES;
				CLANG_WARN_CONSTANT_CONVERSION = YES;
				CLANG_WARN_DEPRECATED_OBJC_IMPLEMENTATIONS = YES;
				CLANG_WARN_DIRECT_OBJC_ISA_USAGE = YES_ERROR;
				CLANG_WARN_DOCUMENTATION_COMMENTS = YES;
				CLANG_WARN_EMPTY_BODY = YES;
				CLANG_WARN_ENUM_CONVERSION = YES;
				CLANG_WARN_INFINITE_RECURSION = YES;
				CLANG_WARN_INT_CONVERSION = YES;
				CLANG_WARN_NON_LITERAL_NULL_CONVERSION = YES;
				CLANG_WARN_OBJC_IMPLICIT_RETAIN_SELF = YES;
				CLANG_WARN_OBJC_LITERAL_CONVERSION = YES;
				CLANG_WARN_OBJC_ROOT_CLASS = YES_ERROR;
				CLANG_WARN_QUOTED_INCLUDE_IN_FRAMEWORK_HEADER = YES;
				CLANG_WARN_RANGE_LOOP_ANALYSIS = YES;
				CLANG_WARN_STRICT_PROTOTYPES = YES;
				CLANG_WARN_SUSPICIOUS_MOVE = YES;
				CLANG_WARN_UNGUARDED_AVAILABILITY = YES_AGGRESSIVE;
				CLANG_WARN_UNREACHABLE_CODE = YES;
				CLANG_WARN__DUPLICATE_METHOD_MATCH = YES;
				COPY_PHASE_STRIP = NO;
				DEBUG_INFORMATION_FORMAT = dwarf;
				ENABLE_STRICT_OBJC_MSGSEND = YES;
				ENABLE_TESTABILITY = YES;
				GCC_C_LANGUAGE_STANDARD = gnu11;
				GCC_DYNAMIC_NO_PIC = NO;
				GCC_NO_COMMON_BLOCKS = YES;
				GCC_OPTIMIZATION_LEVEL = 0;
				GCC_PREPROCESSOR_DEFINITIONS = (
					"DEBUG=1",
					"$(inherited)",
				);
				GCC_WARN_64_TO_32_BIT_CONVERSION = YES;
				GCC_WARN_ABOUT_RETURN_TYPE = YES_ERROR;
				GCC_WARN_UNDECLARED_SELECTOR = YES;
				GCC_WARN_UNINITIALIZED_AUTOS = YES_AGGRESSIVE;
				GCC_WARN_UNUSED_FUNCTION = YES;
				GCC_WARN_UNUSED_VARIABLE = YES;
				IPHONEOS_DEPLOYMENT_TARGET = 16.1;
				MTL_ENABLE_DEBUG_INFO = INCLUDE_SOURCE;
				MTL_FAST_MATH = YES;
				ONLY_ACTIVE_ARCH = YES;
				SDKROOT = iphoneos;
				SWIFT_ACTIVE_COMPILATION_CONDITIONS = DEBUG;
				SWIFT_OPTIMIZATION_LEVEL = "-Onone";
			};
			name = Debug;
		};
		EA098E7729E84EB70041614A /* Release */ = {
			isa = XCBuildConfiguration;
			buildSettings = {
				ALWAYS_SEARCH_USER_PATHS = NO;
				CLANG_ANALYZER_NONNULL = YES;
				CLANG_ANALYZER_NUMBER_OBJECT_CONVERSION = YES_AGGRESSIVE;
				CLANG_CXX_LANGUAGE_STANDARD = "gnu++20";
				CLANG_ENABLE_MODULES = YES;
				CLANG_ENABLE_OBJC_ARC = YES;
				CLANG_ENABLE_OBJC_WEAK = YES;
				CLANG_WARN_BLOCK_CAPTURE_AUTORELEASING = YES;
				CLANG_WARN_BOOL_CONVERSION = YES;
				CLANG_WARN_COMMA = YES;
				CLANG_WARN_CONSTANT_CONVERSION = YES;
				CLANG_WARN_DEPRECATED_OBJC_IMPLEMENTATIONS = YES;
				CLANG_WARN_DIRECT_OBJC_ISA_USAGE = YES_ERROR;
				CLANG_WARN_DOCUMENTATION_COMMENTS = YES;
				CLANG_WARN_EMPTY_BODY = YES;
				CLANG_WARN_ENUM_CONVERSION = YES;
				CLANG_WARN_INFINITE_RECURSION = YES;
				CLANG_WARN_INT_CONVERSION = YES;
				CLANG_WARN_NON_LITERAL_NULL_CONVERSION = YES;
				CLANG_WARN_OBJC_IMPLICIT_RETAIN_SELF = YES;
				CLANG_WARN_OBJC_LITERAL_CONVERSION = YES;
				CLANG_WARN_OBJC_ROOT_CLASS = YES_ERROR;
				CLANG_WARN_QUOTED_INCLUDE_IN_FRAMEWORK_HEADER = YES;
				CLANG_WARN_RANGE_LOOP_ANALYSIS = YES;
				CLANG_WARN_STRICT_PROTOTYPES = YES;
				CLANG_WARN_SUSPICIOUS_MOVE = YES;
				CLANG_WARN_UNGUARDED_AVAILABILITY = YES_AGGRESSIVE;
				CLANG_WARN_UNREACHABLE_CODE = YES;
				CLANG_WARN__DUPLICATE_METHOD_MATCH = YES;
				COPY_PHASE_STRIP = NO;
				DEBUG_INFORMATION_FORMAT = "dwarf-with-dsym";
				ENABLE_NS_ASSERTIONS = NO;
				ENABLE_STRICT_OBJC_MSGSEND = YES;
				GCC_C_LANGUAGE_STANDARD = gnu11;
				GCC_NO_COMMON_BLOCKS = YES;
				GCC_WARN_64_TO_32_BIT_CONVERSION = YES;
				GCC_WARN_ABOUT_RETURN_TYPE = YES_ERROR;
				GCC_WARN_UNDECLARED_SELECTOR = YES;
				GCC_WARN_UNINITIALIZED_AUTOS = YES_AGGRESSIVE;
				GCC_WARN_UNUSED_FUNCTION = YES;
				GCC_WARN_UNUSED_VARIABLE = YES;
				IPHONEOS_DEPLOYMENT_TARGET = 16.1;
				MTL_ENABLE_DEBUG_INFO = NO;
				MTL_FAST_MATH = YES;
				SDKROOT = iphoneos;
				SWIFT_COMPILATION_MODE = wholemodule;
				SWIFT_OPTIMIZATION_LEVEL = "-O";
				VALIDATE_PRODUCT = YES;
			};
			name = Release;
		};
		EA098E7929E84EB70041614A /* Debug */ = {
			isa = XCBuildConfiguration;
			buildSettings = {
				ASSETCATALOG_COMPILER_APPICON_NAME = AppIcon;
				ASSETCATALOG_COMPILER_GLOBAL_ACCENT_COLOR_NAME = AccentColor;
				CODE_SIGN_STYLE = Automatic;
				CURRENT_PROJECT_VERSION = 1;
				GENERATE_INFOPLIST_FILE = YES;
				INFOPLIST_FILE = GroupCapstone/Info.plist;
				INFOPLIST_KEY_UIApplicationSupportsIndirectInputEvents = YES;
				INFOPLIST_KEY_UILaunchStoryboardName = LaunchScreen;
				INFOPLIST_KEY_UIMainStoryboardFile = Main;
				INFOPLIST_KEY_UISupportedInterfaceOrientations_iPad = "UIInterfaceOrientationPortrait UIInterfaceOrientationPortraitUpsideDown UIInterfaceOrientationLandscapeLeft UIInterfaceOrientationLandscapeRight";
				INFOPLIST_KEY_UISupportedInterfaceOrientations_iPhone = "UIInterfaceOrientationPortrait UIInterfaceOrientationLandscapeLeft UIInterfaceOrientationLandscapeRight";
				LD_RUNPATH_SEARCH_PATHS = (
					"$(inherited)",
					"@executable_path/Frameworks",
				);
				MARKETING_VERSION = 1.0;
				PRODUCT_BUNDLE_IDENTIFIER = Hope.GroupCapstone;
				PRODUCT_NAME = "$(TARGET_NAME)";
				SWIFT_EMIT_LOC_STRINGS = YES;
				SWIFT_VERSION = 5.0;
				TARGETED_DEVICE_FAMILY = "1,2";
			};
			name = Debug;
		};
		EA098E7A29E84EB70041614A /* Release */ = {
			isa = XCBuildConfiguration;
			buildSettings = {
				ASSETCATALOG_COMPILER_APPICON_NAME = AppIcon;
				ASSETCATALOG_COMPILER_GLOBAL_ACCENT_COLOR_NAME = AccentColor;
				CODE_SIGN_STYLE = Automatic;
				CURRENT_PROJECT_VERSION = 1;
				GENERATE_INFOPLIST_FILE = YES;
				INFOPLIST_FILE = GroupCapstone/Info.plist;
				INFOPLIST_KEY_UIApplicationSupportsIndirectInputEvents = YES;
				INFOPLIST_KEY_UILaunchStoryboardName = LaunchScreen;
				INFOPLIST_KEY_UIMainStoryboardFile = Main;
				INFOPLIST_KEY_UISupportedInterfaceOrientations_iPad = "UIInterfaceOrientationPortrait UIInterfaceOrientationPortraitUpsideDown UIInterfaceOrientationLandscapeLeft UIInterfaceOrientationLandscapeRight";
				INFOPLIST_KEY_UISupportedInterfaceOrientations_iPhone = "UIInterfaceOrientationPortrait UIInterfaceOrientationLandscapeLeft UIInterfaceOrientationLandscapeRight";
				LD_RUNPATH_SEARCH_PATHS = (
					"$(inherited)",
					"@executable_path/Frameworks",
				);
				MARKETING_VERSION = 1.0;
				PRODUCT_BUNDLE_IDENTIFIER = Hope.GroupCapstone;
				PRODUCT_NAME = "$(TARGET_NAME)";
				SWIFT_EMIT_LOC_STRINGS = YES;
				SWIFT_VERSION = 5.0;
				TARGETED_DEVICE_FAMILY = "1,2";
			};
			name = Release;
		};
/* End XCBuildConfiguration section */

/* Begin XCConfigurationList section */
		EA098E5F29E84EB50041614A /* Build configuration list for PBXProject "GroupCapstone" */ = {
			isa = XCConfigurationList;
			buildConfigurations = (
				EA098E7629E84EB70041614A /* Debug */,
				EA098E7729E84EB70041614A /* Release */,
			);
			defaultConfigurationIsVisible = 0;
			defaultConfigurationName = Release;
		};
		EA098E7829E84EB70041614A /* Build configuration list for PBXNativeTarget "GroupCapstone" */ = {
			isa = XCConfigurationList;
			buildConfigurations = (
				EA098E7929E84EB70041614A /* Debug */,
				EA098E7A29E84EB70041614A /* Release */,
			);
			defaultConfigurationIsVisible = 0;
			defaultConfigurationName = Release;
		};
/* End XCConfigurationList section */
	};
	rootObject = EA098E5C29E84EB50041614A /* Project object */;
}
